// !$*UTF8*$!
{
	archiveVersion = 1;
	classes = {
	};
	objectVersion = 46;
	objects = {

/* Begin PBXBuildFile section */
		D447946418DD235300A21352 /* Foundation.framework in Frameworks */ = {isa = PBXBuildFile; fileRef = D447946318DD235300A21352 /* Foundation.framework */; };
		D447946618DD235300A21352 /* CoreGraphics.framework in Frameworks */ = {isa = PBXBuildFile; fileRef = D447946518DD235300A21352 /* CoreGraphics.framework */; };
		D447946818DD235300A21352 /* UIKit.framework in Frameworks */ = {isa = PBXBuildFile; fileRef = D447946718DD235300A21352 /* UIKit.framework */; };
		D447946A18DD235300A21352 /* SpriteKit.framework in Frameworks */ = {isa = PBXBuildFile; fileRef = D447946918DD235300A21352 /* SpriteKit.framework */; };
		D447947018DD235300A21352 /* InfoPlist.strings in Resources */ = {isa = PBXBuildFile; fileRef = D447946E18DD235300A21352 /* InfoPlist.strings */; };
		D447947218DD235300A21352 /* main.m in Sources */ = {isa = PBXBuildFile; fileRef = D447947118DD235300A21352 /* main.m */; };
		D447947618DD235300A21352 /* AppDelegate.m in Sources */ = {isa = PBXBuildFile; fileRef = D447947518DD235300A21352 /* AppDelegate.m */; };
		D447947918DD235300A21352 /* Main_iPhone.storyboard in Resources */ = {isa = PBXBuildFile; fileRef = D447947718DD235300A21352 /* Main_iPhone.storyboard */; };
		D447947C18DD235300A21352 /* Main_iPad.storyboard in Resources */ = {isa = PBXBuildFile; fileRef = D447947A18DD235300A21352 /* Main_iPad.storyboard */; };
		D447947F18DD235300A21352 /* ViewController.m in Sources */ = {isa = PBXBuildFile; fileRef = D447947E18DD235300A21352 /* ViewController.m */; };
		D447948218DD235300A21352 /* MyScene.m in Sources */ = {isa = PBXBuildFile; fileRef = D447948118DD235300A21352 /* MyScene.m */; };
		D447948418DD235300A21352 /* Spaceship.png in Resources */ = {isa = PBXBuildFile; fileRef = D447948318DD235300A21352 /* Spaceship.png */; };
		D447948618DD235300A21352 /* Images.xcassets in Resources */ = {isa = PBXBuildFile; fileRef = D447948518DD235300A21352 /* Images.xcassets */; };
		D447948D18DD235300A21352 /* XCTest.framework in Frameworks */ = {isa = PBXBuildFile; fileRef = D447948C18DD235300A21352 /* XCTest.framework */; };
		D447948E18DD235300A21352 /* Foundation.framework in Frameworks */ = {isa = PBXBuildFile; fileRef = D447946318DD235300A21352 /* Foundation.framework */; };
		D447948F18DD235300A21352 /* UIKit.framework in Frameworks */ = {isa = PBXBuildFile; fileRef = D447946718DD235300A21352 /* UIKit.framework */; };
		D447949718DD235300A21352 /* InfoPlist.strings in Resources */ = {isa = PBXBuildFile; fileRef = D447949518DD235300A21352 /* InfoPlist.strings */; };
		D447949918DD235300A21352 /* TankedTests.m in Sources */ = {isa = PBXBuildFile; fileRef = D447949818DD235300A21352 /* TankedTests.m */; };
/* End PBXBuildFile section */

/* Begin PBXContainerItemProxy section */
		D447949018DD235300A21352 /* PBXContainerItemProxy */ = {
			isa = PBXContainerItemProxy;
			containerPortal = D447945818DD235200A21352 /* Project object */;
			proxyType = 1;
			remoteGlobalIDString = D447945F18DD235200A21352;
			remoteInfo = Tanked;
		};
/* End PBXContainerItemProxy section */

/* Begin PBXFileReference section */
		D447946018DD235300A21352 /* Tanked.app */ = {isa = PBXFileReference; explicitFileType = wrapper.application; includeInIndex = 0; path = Tanked.app; sourceTree = BUILT_PRODUCTS_DIR; };
		D447946318DD235300A21352 /* Foundation.framework */ = {isa = PBXFileReference; lastKnownFileType = wrapper.framework; name = Foundation.framework; path = System/Library/Frameworks/Foundation.framework; sourceTree = SDKROOT; };
		D447946518DD235300A21352 /* CoreGraphics.framework */ = {isa = PBXFileReference; lastKnownFileType = wrapper.framework; name = CoreGraphics.framework; path = System/Library/Frameworks/CoreGraphics.framework; sourceTree = SDKROOT; };
		D447946718DD235300A21352 /* UIKit.framework */ = {isa = PBXFileReference; lastKnownFileType = wrapper.framework; name = UIKit.framework; path = System/Library/Frameworks/UIKit.framework; sourceTree = SDKROOT; };
		D447946918DD235300A21352 /* SpriteKit.framework */ = {isa = PBXFileReference; lastKnownFileType = wrapper.framework; name = SpriteKit.framework; path = System/Library/Frameworks/SpriteKit.framework; sourceTree = SDKROOT; };
		D447946D18DD235300A21352 /* Tanked-Info.plist */ = {isa = PBXFileReference; lastKnownFileType = text.plist.xml; path = "Tanked-Info.plist"; sourceTree = "<group>"; };
		D447946F18DD235300A21352 /* en */ = {isa = PBXFileReference; lastKnownFileType = text.plist.strings; name = en; path = en.lproj/InfoPlist.strings; sourceTree = "<group>"; };
		D447947118DD235300A21352 /* main.m */ = {isa = PBXFileReference; lastKnownFileType = sourcecode.c.objc; path = main.m; sourceTree = "<group>"; };
		D447947318DD235300A21352 /* Tanked-Prefix.pch */ = {isa = PBXFileReference; lastKnownFileType = sourcecode.c.h; path = "Tanked-Prefix.pch"; sourceTree = "<group>"; };
		D447947418DD235300A21352 /* AppDelegate.h */ = {isa = PBXFileReference; lastKnownFileType = sourcecode.c.h; path = AppDelegate.h; sourceTree = "<group>"; };
		D447947518DD235300A21352 /* AppDelegate.m */ = {isa = PBXFileReference; lastKnownFileType = sourcecode.c.objc; path = AppDelegate.m; sourceTree = "<group>"; };
		D447947818DD235300A21352 /* Base */ = {isa = PBXFileReference; lastKnownFileType = file.storyboard; name = Base; path = Base.lproj/Main_iPhone.storyboard; sourceTree = "<group>"; };
		D447947B18DD235300A21352 /* Base */ = {isa = PBXFileReference; lastKnownFileType = file.storyboard; name = Base; path = Base.lproj/Main_iPad.storyboard; sourceTree = "<group>"; };
		D447947D18DD235300A21352 /* ViewController.h */ = {isa = PBXFileReference; lastKnownFileType = sourcecode.c.h; path = ViewController.h; sourceTree = "<group>"; };
		D447947E18DD235300A21352 /* ViewController.m */ = {isa = PBXFileReference; lastKnownFileType = sourcecode.c.objc; path = ViewController.m; sourceTree = "<group>"; };
		D447948018DD235300A21352 /* MyScene.h */ = {isa = PBXFileReference; lastKnownFileType = sourcecode.c.h; path = MyScene.h; sourceTree = "<group>"; };
		D447948118DD235300A21352 /* MyScene.m */ = {isa = PBXFileReference; lastKnownFileType = sourcecode.c.objc; path = MyScene.m; sourceTree = "<group>"; };
		D447948318DD235300A21352 /* Spaceship.png */ = {isa = PBXFileReference; lastKnownFileType = image.png; path = Spaceship.png; sourceTree = "<group>"; };
		D447948518DD235300A21352 /* Images.xcassets */ = {isa = PBXFileReference; lastKnownFileType = folder.assetcatalog; path = Images.xcassets; sourceTree = "<group>"; };
		D447948B18DD235300A21352 /* TankedTests.xctest */ = {isa = PBXFileReference; explicitFileType = wrapper.cfbundle; includeInIndex = 0; path = TankedTests.xctest; sourceTree = BUILT_PRODUCTS_DIR; };
		D447948C18DD235300A21352 /* XCTest.framework */ = {isa = PBXFileReference; lastKnownFileType = wrapper.framework; name = XCTest.framework; path = Library/Frameworks/XCTest.framework; sourceTree = DEVELOPER_DIR; };
		D447949418DD235300A21352 /* TankedTests-Info.plist */ = {isa = PBXFileReference; lastKnownFileType = text.plist.xml; path = "TankedTests-Info.plist"; sourceTree = "<group>"; };
		D447949618DD235300A21352 /* en */ = {isa = PBXFileReference; lastKnownFileType = text.plist.strings; name = en; path = en.lproj/InfoPlist.strings; sourceTree = "<group>"; };
		D447949818DD235300A21352 /* TankedTests.m */ = {isa = PBXFileReference; lastKnownFileType = sourcecode.c.objc; path = TankedTests.m; sourceTree = "<group>"; };
/* End PBXFileReference section */

/* Begin PBXFrameworksBuildPhase section */
		D447945D18DD235200A21352 /* Frameworks */ = {
			isa = PBXFrameworksBuildPhase;
			buildActionMask = 2147483647;
			files = (
				D447946618DD235300A21352 /* CoreGraphics.framework in Frameworks */,
				D447946818DD235300A21352 /* UIKit.framework in Frameworks */,
				D447946A18DD235300A21352 /* SpriteKit.framework in Frameworks */,
				D447946418DD235300A21352 /* Foundation.framework in Frameworks */,
			);
			runOnlyForDeploymentPostprocessing = 0;
		};
		D447948818DD235300A21352 /* Frameworks */ = {
			isa = PBXFrameworksBuildPhase;
			buildActionMask = 2147483647;
			files = (
				D447948D18DD235300A21352 /* XCTest.framework in Frameworks */,
				D447948F18DD235300A21352 /* UIKit.framework in Frameworks */,
				D447948E18DD235300A21352 /* Foundation.framework in Frameworks */,
			);
			runOnlyForDeploymentPostprocessing = 0;
		};
/* End PBXFrameworksBuildPhase section */

/* Begin PBXGroup section */
		D447945718DD235200A21352 = {
			isa = PBXGroup;
			children = (
				D447946B18DD235300A21352 /* Tanked */,
				D447949218DD235300A21352 /* TankedTests */,
				D447946218DD235300A21352 /* Frameworks */,
				D447946118DD235300A21352 /* Products */,
			);
			sourceTree = "<group>";
		};
		D447946118DD235300A21352 /* Products */ = {
			isa = PBXGroup;
			children = (
				D447946018DD235300A21352 /* Tanked.app */,
				D447948B18DD235300A21352 /* TankedTests.xctest */,
			);
			name = Products;
			sourceTree = "<group>";
		};
		D447946218DD235300A21352 /* Frameworks */ = {
			isa = PBXGroup;
			children = (
				D447946318DD235300A21352 /* Foundation.framework */,
				D447946518DD235300A21352 /* CoreGraphics.framework */,
				D447946718DD235300A21352 /* UIKit.framework */,
				D447946918DD235300A21352 /* SpriteKit.framework */,
				D447948C18DD235300A21352 /* XCTest.framework */,
			);
			name = Frameworks;
			sourceTree = "<group>";
		};
		D447946B18DD235300A21352 /* Tanked */ = {
			isa = PBXGroup;
			children = (
				D447947418DD235300A21352 /* AppDelegate.h */,
				D447947518DD235300A21352 /* AppDelegate.m */,
				D447947718DD235300A21352 /* Main_iPhone.storyboard */,
				D447947A18DD235300A21352 /* Main_iPad.storyboard */,
				D447947D18DD235300A21352 /* ViewController.h */,
				D447947E18DD235300A21352 /* ViewController.m */,
				D447948018DD235300A21352 /* MyScene.h */,
				D447948118DD235300A21352 /* MyScene.m */,
				D447948318DD235300A21352 /* Spaceship.png */,
				D447948518DD235300A21352 /* Images.xcassets */,
				D447946C18DD235300A21352 /* Supporting Files */,
			);
			path = Tanked;
			sourceTree = "<group>";
		};
		D447946C18DD235300A21352 /* Supporting Files */ = {
			isa = PBXGroup;
			children = (
				D447946D18DD235300A21352 /* Tanked-Info.plist */,
				D447946E18DD235300A21352 /* InfoPlist.strings */,
				D447947118DD235300A21352 /* main.m */,
				D447947318DD235300A21352 /* Tanked-Prefix.pch */,
			);
			name = "Supporting Files";
			sourceTree = "<group>";
		};
		D447949218DD235300A21352 /* TankedTests */ = {
			isa = PBXGroup;
			children = (
				D447949818DD235300A21352 /* TankedTests.m */,
				D447949318DD235300A21352 /* Supporting Files */,
			);
			path = TankedTests;
			sourceTree = "<group>";
		};
		D447949318DD235300A21352 /* Supporting Files */ = {
			isa = PBXGroup;
			children = (
				D447949418DD235300A21352 /* TankedTests-Info.plist */,
				D447949518DD235300A21352 /* InfoPlist.strings */,
			);
			name = "Supporting Files";
			sourceTree = "<group>";
		};
/* End PBXGroup section */

/* Begin PBXNativeTarget section */
		D447945F18DD235200A21352 /* Tanked */ = {
			isa = PBXNativeTarget;
			buildConfigurationList = D447949C18DD235300A21352 /* Build configuration list for PBXNativeTarget "Tanked" */;
			buildPhases = (
				D447945C18DD235200A21352 /* Sources */,
				D447945D18DD235200A21352 /* Frameworks */,
				D447945E18DD235200A21352 /* Resources */,
			);
			buildRules = (
			);
			dependencies = (
			);
			name = Tanked;
			productName = Tanked;
			productReference = D447946018DD235300A21352 /* Tanked.app */;
			productType = "com.apple.product-type.application";
		};
		D447948A18DD235300A21352 /* TankedTests */ = {
			isa = PBXNativeTarget;
			buildConfigurationList = D447949F18DD235300A21352 /* Build configuration list for PBXNativeTarget "TankedTests" */;
			buildPhases = (
				D447948718DD235300A21352 /* Sources */,
				D447948818DD235300A21352 /* Frameworks */,
				D447948918DD235300A21352 /* Resources */,
			);
			buildRules = (
			);
			dependencies = (
				D447949118DD235300A21352 /* PBXTargetDependency */,
			);
			name = TankedTests;
			productName = TankedTests;
			productReference = D447948B18DD235300A21352 /* TankedTests.xctest */;
			productType = "com.apple.product-type.bundle.unit-test";
		};
/* End PBXNativeTarget section */

/* Begin PBXProject section */
		D447945818DD235200A21352 /* Project object */ = {
			isa = PBXProject;
			attributes = {
				LastUpgradeCheck = 0510;
				ORGANIZATIONNAME = "Robert Marchiori";
				TargetAttributes = {
					D447948A18DD235300A21352 = {
						TestTargetID = D447945F18DD235200A21352;
					};
				};
			};
			buildConfigurationList = D447945B18DD235200A21352 /* Build configuration list for PBXProject "Tanked" */;
			compatibilityVersion = "Xcode 3.2";
			developmentRegion = English;
			hasScannedForEncodings = 0;
			knownRegions = (
				en,
				Base,
			);
			mainGroup = D447945718DD235200A21352;
			productRefGroup = D447946118DD235300A21352 /* Products */;
			projectDirPath = "";
			projectRoot = "";
			targets = (
				D447945F18DD235200A21352 /* Tanked */,
				D447948A18DD235300A21352 /* TankedTests */,
			);
		};
/* End PBXProject section */

/* Begin PBXResourcesBuildPhase section */
		D447945E18DD235200A21352 /* Resources */ = {
			isa = PBXResourcesBuildPhase;
			buildActionMask = 2147483647;
			files = (
				D447948418DD235300A21352 /* Spaceship.png in Resources */,
				D447948618DD235300A21352 /* Images.xcassets in Resources */,
				D447947C18DD235300A21352 /* Main_iPad.storyboard in Resources */,
				D447947918DD235300A21352 /* Main_iPhone.storyboard in Resources */,
				D447947018DD235300A21352 /* InfoPlist.strings in Resources */,
			);
			runOnlyForDeploymentPostprocessing = 0;
		};
		D447948918DD235300A21352 /* Resources */ = {
			isa = PBXResourcesBuildPhase;
			buildActionMask = 2147483647;
			files = (
				D447949718DD235300A21352 /* InfoPlist.strings in Resources */,
			);
			runOnlyForDeploymentPostprocessing = 0;
		};
/* End PBXResourcesBuildPhase section */

/* Begin PBXSourcesBuildPhase section */
		D447945C18DD235200A21352 /* Sources */ = {
			isa = PBXSourcesBuildPhase;
			buildActionMask = 2147483647;
			files = (
				D447948218DD235300A21352 /* MyScene.m in Sources */,
				D447947F18DD235300A21352 /* ViewController.m in Sources */,
				D447947618DD235300A21352 /* AppDelegate.m in Sources */,
				D447947218DD235300A21352 /* main.m in Sources */,
			);
			runOnlyForDeploymentPostprocessing = 0;
		};
		D447948718DD235300A21352 /* Sources */ = {
			isa = PBXSourcesBuildPhase;
			buildActionMask = 2147483647;
			files = (
				D447949918DD235300A21352 /* TankedTests.m in Sources */,
			);
			runOnlyForDeploymentPostprocessing = 0;
		};
/* End PBXSourcesBuildPhase section */

/* Begin PBXTargetDependency section */
		D447949118DD235300A21352 /* PBXTargetDependency */ = {
			isa = PBXTargetDependency;
			target = D447945F18DD235200A21352 /* Tanked */;
			targetProxy = D447949018DD235300A21352 /* PBXContainerItemProxy */;
		};
/* End PBXTargetDependency section */

/* Begin PBXVariantGroup section */
		D447946E18DD235300A21352 /* InfoPlist.strings */ = {
			isa = PBXVariantGroup;
			children = (
				D447946F18DD235300A21352 /* en */,
			);
			name = InfoPlist.strings;
			sourceTree = "<group>";
		};
		D447947718DD235300A21352 /* Main_iPhone.storyboard */ = {
			isa = PBXVariantGroup;
			children = (
				D447947818DD235300A21352 /* Base */,
			);
			name = Main_iPhone.storyboard;
			sourceTree = "<group>";
		};
		D447947A18DD235300A21352 /* Main_iPad.storyboard */ = {
			isa = PBXVariantGroup;
			children = (
				D447947B18DD235300A21352 /* Base */,
			);
			name = Main_iPad.storyboard;
			sourceTree = "<group>";
		};
		D447949518DD235300A21352 /* InfoPlist.strings */ = {
			isa = PBXVariantGroup;
			children = (
				D447949618DD235300A21352 /* en */,
			);
			name = InfoPlist.strings;
			sourceTree = "<group>";
		};
/* End PBXVariantGroup section */

/* Begin XCBuildConfiguration section */
		D447949A18DD235300A21352 /* Debug */ = {
			isa = XCBuildConfiguration;
			buildSettings = {
				ALWAYS_SEARCH_USER_PATHS = NO;
				CLANG_CXX_LANGUAGE_STANDARD = "gnu++0x";
				CLANG_CXX_LIBRARY = "libc++";
				CLANG_ENABLE_MODULES = YES;
				CLANG_ENABLE_OBJC_ARC = YES;
				CLANG_WARN_BOOL_CONVERSION = YES;
				CLANG_WARN_CONSTANT_CONVERSION = YES;
				CLANG_WARN_DIRECT_OBJC_ISA_USAGE = YES_ERROR;
				CLANG_WARN_EMPTY_BODY = YES;
				CLANG_WARN_ENUM_CONVERSION = YES;
				CLANG_WARN_INT_CONVERSION = YES;
				CLANG_WARN_OBJC_ROOT_CLASS = YES_ERROR;
				CLANG_WARN__DUPLICATE_METHOD_MATCH = YES;
				"CODE_SIGN_IDENTITY[sdk=iphoneos*]" = "iPhone Developer";
				COPY_PHASE_STRIP = NO;
				GCC_C_LANGUAGE_STANDARD = gnu99;
				GCC_DYNAMIC_NO_PIC = NO;
				GCC_OPTIMIZATION_LEVEL = 0;
				GCC_PREPROCESSOR_DEFINITIONS = (
					"DEBUG=1",
					"$(inherited)",
				);
				GCC_SYMBOLS_PRIVATE_EXTERN = NO;
				GCC_WARN_64_TO_32_BIT_CONVERSION = YES;
				GCC_WARN_ABOUT_RETURN_TYPE = YES_ERROR;
				GCC_WARN_UNDECLARED_SELECTOR = YES;
				GCC_WARN_UNINITIALIZED_AUTOS = YES_AGGRESSIVE;
				GCC_WARN_UNUSED_FUNCTION = YES;
				GCC_WARN_UNUSED_VARIABLE = YES;
				IPHONEOS_DEPLOYMENT_TARGET = 7.1;
				ONLY_ACTIVE_ARCH = YES;
				SDKROOT = iphoneos;
				TARGETED_DEVICE_FAMILY = "1,2";
			};
			name = Debug;
		};
		D447949B18DD235300A21352 /* Release */ = {
			isa = XCBuildConfiguration;
			buildSettings = {
				ALWAYS_SEARCH_USER_PATHS = NO;
				CLANG_CXX_LANGUAGE_STANDARD = "gnu++0x";
				CLANG_CXX_LIBRARY = "libc++";
				CLANG_ENABLE_MODULES = YES;
				CLANG_ENABLE_OBJC_ARC = YES;
				CLANG_WARN_BOOL_CONVERSION = YES;
				CLANG_WARN_CONSTANT_CONVERSION = YES;
				CLANG_WARN_DIRECT_OBJC_ISA_USAGE = YES_ERROR;
				CLANG_WARN_EMPTY_BODY = YES;
				CLANG_WARN_ENUM_CONVERSION = YES;
				CLANG_WARN_INT_CONVERSION = YES;
				CLANG_WARN_OBJC_ROOT_CLASS = YES_ERROR;
				CLANG_WARN__DUPLICATE_METHOD_MATCH = YES;
				"CODE_SIGN_IDENTITY[sdk=iphoneos*]" = "iPhone Developer";
				COPY_PHASE_STRIP = YES;
				ENABLE_NS_ASSERTIONS = NO;
				GCC_C_LANGUAGE_STANDARD = gnu99;
				GCC_WARN_64_TO_32_BIT_CONVERSION = YES;
				GCC_WARN_ABOUT_RETURN_TYPE = YES_ERROR;
				GCC_WARN_UNDECLARED_SELECTOR = YES;
				GCC_WARN_UNINITIALIZED_AUTOS = YES_AGGRESSIVE;
				GCC_WARN_UNUSED_FUNCTION = YES;
				GCC_WARN_UNUSED_VARIABLE = YES;
				IPHONEOS_DEPLOYMENT_TARGET = 7.1;
				SDKROOT = iphoneos;
				TARGETED_DEVICE_FAMILY = "1,2";
				VALIDATE_PRODUCT = YES;
			};
			name = Release;
		};
		D447949D18DD235300A21352 /* Debug */ = {
			isa = XCBuildConfiguration;
			buildSettings = {
				ASSETCATALOG_COMPILER_APPICON_NAME = AppIcon;
				ASSETCATALOG_COMPILER_LAUNCHIMAGE_NAME = LaunchImage;
				GCC_PRECOMPILE_PREFIX_HEADER = YES;
				GCC_PREFIX_HEADER = "Tanked/Tanked-Prefix.pch";
				INFOPLIST_FILE = "Tanked/Tanked-Info.plist";
				PRODUCT_NAME = "$(TARGET_NAME)";
				SPRITEKIT_TEXTURE_ATLAS_OUTPUT = YES;
				WRAPPER_EXTENSION = app;
			};
			name = Debug;
		};
		D447949E18DD235300A21352 /* Release */ = {
			isa = XCBuildConfiguration;
			buildSettings = {
				ASSETCATALOG_COMPILER_APPICON_NAME = AppIcon;
				ASSETCATALOG_COMPILER_LAUNCHIMAGE_NAME = LaunchImage;
				GCC_PRECOMPILE_PREFIX_HEADER = YES;
				GCC_PREFIX_HEADER = "Tanked/Tanked-Prefix.pch";
				INFOPLIST_FILE = "Tanked/Tanked-Info.plist";
				PRODUCT_NAME = "$(TARGET_NAME)";
				SPRITEKIT_TEXTURE_ATLAS_OUTPUT = YES;
				WRAPPER_EXTENSION = app;
			};
			name = Release;
		};
		D44794A018DD235300A21352 /* Debug */ = {
			isa = XCBuildConfiguration;
			buildSettings = {
				BUNDLE_LOADER = "$(BUILT_PRODUCTS_DIR)/Tanked.app/Tanked";
				FRAMEWORK_SEARCH_PATHS = (
					"$(SDKROOT)/Developer/Library/Frameworks",
					"$(inherited)",
					"$(DEVELOPER_FRAMEWORKS_DIR)",
				);
				GCC_PRECOMPILE_PREFIX_HEADER = YES;
				GCC_PREFIX_HEADER = "Tanked/Tanked-Prefix.pch";
				GCC_PREPROCESSOR_DEFINITIONS = (
					"DEBUG=1",
					"$(inherited)",
				);
				INFOPLIST_FILE = "TankedTests/TankedTests-Info.plist";
				PRODUCT_NAME = "$(TARGET_NAME)";
				TEST_HOST = "$(BUNDLE_LOADER)";
				WRAPPER_EXTENSION = xctest;
			};
			name = Debug;
		};
		D44794A118DD235300A21352 /* Release */ = {
			isa = XCBuildConfiguration;
			buildSettings = {
				BUNDLE_LOADER = "$(BUILT_PRODUCTS_DIR)/Tanked.app/Tanked";
				FRAMEWORK_SEARCH_PATHS = (
					"$(SDKROOT)/Developer/Library/Frameworks",
					"$(inherited)",
					"$(DEVELOPER_FRAMEWORKS_DIR)",
				);
				GCC_PRECOMPILE_PREFIX_HEADER = YES;
				GCC_PREFIX_HEADER = "Tanked/Tanked-Prefix.pch";
				INFOPLIST_FILE = "TankedTests/TankedTests-Info.plist";
				PRODUCT_NAME = "$(TARGET_NAME)";
				TEST_HOST = "$(BUNDLE_LOADER)";
				WRAPPER_EXTENSION = xctest;
			};
			name = Release;
		};
/* End XCBuildConfiguration section */

/* Begin XCConfigurationList section */
		D447945B18DD235200A21352 /* Build configuration list for PBXProject "Tanked" */ = {
			isa = XCConfigurationList;
			buildConfigurations = (
				D447949A18DD235300A21352 /* Debug */,
				D447949B18DD235300A21352 /* Release */,
			);
			defaultConfigurationIsVisible = 0;
			defaultConfigurationName = Release;
		};
		D447949C18DD235300A21352 /* Build configuration list for PBXNativeTarget "Tanked" */ = {
			isa = XCConfigurationList;
			buildConfigurations = (
				D447949D18DD235300A21352 /* Debug */,
				D447949E18DD235300A21352 /* Release */,
			);
			defaultConfigurationIsVisible = 0;
		};
		D447949F18DD235300A21352 /* Build configuration list for PBXNativeTarget "TankedTests" */ = {
			isa = XCConfigurationList;
			buildConfigurations = (
				D44794A018DD235300A21352 /* Debug */,
				D44794A118DD235300A21352 /* Release */,
			);
			defaultConfigurationIsVisible = 0;
		};
/* End XCConfigurationList section */
	};
	rootObject = D447945818DD235200A21352 /* Project object */;
}
